{
  "name": "gena-cli",
  "version": "0.0.1",
  "lockfileVersion": 1,
  "requires": true,
  "dependencies": {
    "@types/minimist": {
      "version": "1.2.0",
      "resolved": "https://registry.npmjs.org/@types/minimist/-/minimist-1.2.0.tgz",
      "integrity": "sha1-aaI6OtKcrwCX8G7aWbNh7i8GOfY=",
      "dev": true
    },
    "@types/node": {
      "version": "10.9.4",
      "resolved": "https://registry.npmjs.org/@types/node/-/node-10.9.4.tgz",
      "integrity": "sha512-fCHV45gS+m3hH17zgkgADUSi2RR1Vht6wOZ0jyHP8rjiQra9f+mIcgwPQHllmDocYOstIEbKlxbFDYlgrTPYqw==",
      "dev": true
    },
    "ansi.js": {
      "version": "0.0.5",
      "resolved": "https://registry.npmjs.org/ansi.js/-/ansi.js-0.0.5.tgz",
      "integrity": "sha1-4+nkXraXe6Du7u0RZ30SFEZ1NIw=",
      "requires": {
        "on-new-line": "0.0.1"
      }
    },
    "minimist": {
      "version": "1.2.0",
      "resolved": "http://registry.npmjs.org/minimist/-/minimist-1.2.0.tgz",
      "integrity": "sha1-o1AIsg9BOD7sH7kU9M1d95omQoQ="
    },
    "on-new-line": {
      "version": "0.0.1",
      "resolved": "https://registry.npmjs.org/on-new-line/-/on-new-line-0.0.1.tgz",
      "integrity": "sha1-mTOcsG3P4+eNaWSi7yrzdKFF+Ps="
    },
    "turbocolor": {
      "version": "2.6.1",
      "resolved": "https://registry.npmjs.org/turbocolor/-/turbocolor-2.6.1.tgz",
      "integrity": "sha512-0pTvPfKBIasx7C4bEorJY9I3SNbkyQrFeRxK8iMoarEHZLQLOhPungv9t/7SSfKLJdErhv4dC2GKmaNGURnk4A=="
    }
  }
}
