{
  "name": "gena-cli",
  "version": "0.0.1",
  "lockfileVersion": 1,
  "requires": true,
  "dependencies": {
    "@types/events": {
      "version": "1.2.0",
      "resolved": "http://registry.npmjs.org/@types/events/-/events-1.2.0.tgz",
      "integrity": "sha512-KEIlhXnIutzKwRbQkGWb/I4HFqBuUykAdHgDED6xqwXJfONCjF5VoE0cXEiurh3XauygxzeDzgtXUqvLkxFzzA=="
    },
    "@types/minimist": {
      "version": "1.2.0",
      "resolved": "https://registry.npmjs.org/@types/minimist/-/minimist-1.2.0.tgz",
      "integrity": "sha1-aaI6OtKcrwCX8G7aWbNh7i8GOfY=",
      "dev": true
    },
    "@types/node": {
      "version": "10.9.4",
      "resolved": "https://registry.npmjs.org/@types/node/-/node-10.9.4.tgz",
      "integrity": "sha512-fCHV45gS+m3hH17zgkgADUSi2RR1Vht6wOZ0jyHP8rjiQra9f+mIcgwPQHllmDocYOstIEbKlxbFDYlgrTPYqw=="
    },
    "@types/ws": {
      "version": "6.0.1",
      "resolved": "https://registry.npmjs.org/@types/ws/-/ws-6.0.1.tgz",
      "integrity": "sha512-EzH8k1gyZ4xih/MaZTXwT2xOkPiIMSrhQ9b8wrlX88L0T02eYsddatQlwVFlEPyEqV0ChpdpNnE51QPH6NVT4Q==",
      "requires": {
        "@types/events": "1.2.0",
        "@types/node": "10.9.4"
      }
    },
    "ansi.js": {
      "version": "0.0.5",
      "resolved": "https://registry.npmjs.org/ansi.js/-/ansi.js-0.0.5.tgz",
      "integrity": "sha1-4+nkXraXe6Du7u0RZ30SFEZ1NIw=",
      "requires": {
        "on-new-line": "0.0.1"
      }
    },
    "async-limiter": {
      "version": "1.0.0",
      "resolved": "https://registry.npmjs.org/async-limiter/-/async-limiter-1.0.0.tgz",
      "integrity": "sha512-jp/uFnooOiO+L211eZOoSyzpOITMXx1rBITauYykG3BRYPu8h0UcxsPNB04RR5vo4Tyz3+ay17tR6JVf9qzYWg=="
    },
    "colorette": {
      "version": "1.0.7",
      "resolved": "https://registry.npmjs.org/colorette/-/colorette-1.0.7.tgz",
      "integrity": "sha512-KeK4klsvAgdODAjFPm6QLzvStizJqlxMBtVo4KQMCgk5tt/tf9rAzxmxLHNRynJg3tJjkKGKbHx3j4HLox27Lw=="
    },
    "minimist": {
      "version": "1.2.0",
      "resolved": "http://registry.npmjs.org/minimist/-/minimist-1.2.0.tgz",
      "integrity": "sha1-o1AIsg9BOD7sH7kU9M1d95omQoQ="
    },
    "on-new-line": {
      "version": "0.0.1",
      "resolved": "https://registry.npmjs.org/on-new-line/-/on-new-line-0.0.1.tgz",
      "integrity": "sha1-mTOcsG3P4+eNaWSi7yrzdKFF+Ps="
    },
    "ws": {
      "version": "6.1.0",
      "resolved": "https://registry.npmjs.org/ws/-/ws-6.1.0.tgz",
      "integrity": "sha512-H3dGVdGvW2H8bnYpIDc3u3LH8Wue3Qh+Zto6aXXFzvESkTVT6rAfKR6tR/+coaUvxs8yHtmNV0uioBF62ZGSTg==",
      "requires": {
        "async-limiter": "1.0.0"
      }
    }
  }
}
